<?xml version="1.0" encoding="utf-8"?>
<Project ToolsVersion="4.0" xmlns="http://schemas.microsoft.com/developer/msbuild/2003">
  <ItemGroup>
    <Filter Include="源文件">
      <UniqueIdentifier>{4FC737F1-C7A5-4376-A066-2A32D752A2FF}</UniqueIdentifier>
      <Extensions>cpp;c;cc;cxx;def;odl;idl;hpj;bat;asm;asmx</Extensions>
    </Filter>
    <Filter Include="头文件">
      <UniqueIdentifier>{93995380-89BD-4b04-88EB-625FBE52EBFB}</UniqueIdentifier>
      <Extensions>h;hh;hpp;hxx;hm;inl;inc;ipp;xsd</Extensions>
    </Filter>
    <Filter Include="资源文件">
      <UniqueIdentifier>{67DA6AB6-F800-4c08-8B7A-83BB121AAD01}</UniqueIdentifier>
      <Extensions>rc;ico;cur;bmp;dlg;rc2;rct;bin;rgs;gif;jpg;jpeg;jpe;resx;tiff;tif;png;wav;mfcribbon-ms</Extensions>
    </Filter>
    <Filter Include="uvnet">
      <UniqueIdentifier>{b93fb1aa-c4b3-4331-8bbc-e76898c1233a}</UniqueIdentifier>
    </Filter>
    <Filter Include="hiredis">
      <UniqueIdentifier>{06d5f265-38ea-493c-8780-f3d625fdde40}</UniqueIdentifier>
    </Filter>
    <Filter Include="hiredis\adapters">
      <UniqueIdentifier>{7200b686-b502-4520-8c7b-1de737583e1f}</UniqueIdentifier>
    </Filter>
  </ItemGroup>
  <ItemGroup>
    <ClCompile Include="src\test_tcpserver.cpp">
      <Filter>源文件</Filter>
    </ClCompile>
    <ClCompile Include="src\test.cpp">
      <Filter>源文件</Filter>
    </ClCompile>
    <ClCompile Include="src\test_redis.cpp">
      <Filter>源文件</Filter>
    </ClCompile>
    <ClCompile Include="src\test_tcpclient.cpp">
      <Filter>源文件</Filter>
    </ClCompile>
    <ClCompile Include="uvnet\tcpclient.cpp">
      <Filter>uvnet</Filter>
    </ClCompile>
    <ClCompile Include="uvnet\tcpserver.cpp">
      <Filter>uvnet</Filter>
    </ClCompile>
    <ClCompile Include="hiredis\sockcompat.c">
      <Filter>hiredis</Filter>
    </ClCompile>
    <ClCompile Include="hiredis\ssl.c">
      <Filter>hiredis</Filter>
    </ClCompile>
    <ClCompile Include="hiredis\alloc.c">
      <Filter>hiredis</Filter>
    </ClCompile>
    <ClCompile Include="hiredis\async.c">
      <Filter>hiredis</Filter>
    </ClCompile>
    <ClCompile Include="hiredis\dict.c">
      <Filter>hiredis</Filter>
    </ClCompile>
    <ClCompile Include="hiredis\hiredis.c">
      <Filter>hiredis</Filter>
    </ClCompile>
    <ClCompile Include="hiredis\net.c">
      <Filter>hiredis</Filter>
    </ClCompile>
    <ClCompile Include="hiredis\read.c">
      <Filter>hiredis</Filter>
    </ClCompile>
    <ClCompile Include="hiredis\sds.c">
      <Filter>hiredis</Filter>
    </ClCompile>
  </ItemGroup>
  <ItemGroup>
    <ClInclude Include="inc\test_redis.h">
      <Filter>头文件</Filter>
    </ClInclude>
    <ClInclude Include="inc\test_tcp.h">
      <Filter>头文件</Filter>
    </ClInclude>
    <ClInclude Include="uvnet\tcp_protocol.h">
      <Filter>uvnet</Filter>
    </ClInclude>
    <ClInclude Include="uvnet\tcpclient.h">
      <Filter>uvnet</Filter>
    </ClInclude>
    <ClInclude Include="uvnet\tcpserver.h">
      <Filter>uvnet</Filter>
    </ClInclude>
    <ClInclude Include="uvnet\thread_uv.h">
      <Filter>uvnet</Filter>
    </ClInclude>
    <ClInclude Include="uvnet\net_base.h">
      <Filter>uvnet</Filter>
    </ClInclude>
    <ClInclude Include="uvnet\circularbuffer.h">
      <Filter>uvnet</Filter>
    </ClInclude>
    <ClInclude Include="uvnet\net_msg.h">
      <Filter>uvnet</Filter>
    </ClInclude>
    <ClInclude Include="uvnet\msg_parse.h">
      <Filter>uvnet</Filter>
    </ClInclude>
    <ClInclude Include="hiredis\adapters\libuv.h">
      <Filter>hiredis\adapters</Filter>
    </ClInclude>
    <ClInclude Include="hiredis\adapters\libevent.h">
      <Filter>hiredis\adapters</Filter>
    </ClInclude>
    <ClInclude Include="hiredis\adapters\macosx.h">
      <Filter>hiredis\adapters</Filter>
    </ClInclude>
    <ClInclude Include="hiredis\adapters\qt.h">
      <Filter>hiredis\adapters</Filter>
    </ClInclude>
    <ClInclude Include="hiredis\adapters\ae.h">
      <Filter>hiredis\adapters</Filter>
    </ClInclude>
    <ClInclude Include="hiredis\adapters\glib.h">
      <Filter>hiredis\adapters</Filter>
    </ClInclude>
    <ClInclude Include="hiredis\adapters\ivykis.h">
      <Filter>hiredis\adapters</Filter>
    </ClInclude>
    <ClInclude Include="hiredis\adapters\libev.h">
      <Filter>hiredis\adapters</Filter>
    </ClInclude>
    <ClInclude Include="hiredis\sdsalloc.h">
      <Filter>hiredis</Filter>
    </ClInclude>
    <ClInclude Include="hiredis\sockcompat.h">
      <Filter>hiredis</Filter>
    </ClInclude>
    <ClInclude Include="hiredis\win32.h">
      <Filter>hiredis</Filter>
    </ClInclude>
    <ClInclude Include="hiredis\alloc.h">
      <Filter>hiredis</Filter>
    </ClInclude>
    <ClInclude Include="hiredis\async.h">
      <Filter>hiredis</Filter>
    </ClInclude>
    <ClInclude Include="hiredis\async_private.h">
      <Filter>hiredis</Filter>
    </ClInclude>
    <ClInclude Include="hiredis\dict.h">
      <Filter>hiredis</Filter>
    </ClInclude>
    <ClInclude Include="hiredis\fmacros.h">
      <Filter>hiredis</Filter>
    </ClInclude>
    <ClInclude Include="hiredis\hiredis.h">
      <Filter>hiredis</Filter>
    </ClInclude>
    <ClInclude Include="hiredis\hiredis_ssl.h">
      <Filter>hiredis</Filter>
    </ClInclude>
    <ClInclude Include="hiredis\net.h">
      <Filter>hiredis</Filter>
    </ClInclude>
    <ClInclude Include="hiredis\read.h">
      <Filter>hiredis</Filter>
    </ClInclude>
    <ClInclude Include="hiredis\sds.h">
      <Filter>hiredis</Filter>
    </ClInclude>
  </ItemGroup>
</Project>